
Microsoft Visual Studio Solution File, Format Version 12.00
# Visual Studio Version 17
VisualStudioVersion = 17.0.31903.59
MinimumVisualStudioVersion = 10.0.40219.1
Project("{2150E333-8FDC-42A3-9474-1A3956D46DE8}") = "src", "src", "{827E0CD3-B72D-47B6-A68D-7590B98EB39B}"
EndProject
Project("{FAE04EC0-301F-11D3-BF4B-00C04F79EFBC}") = "PlaywrightPomGenerator.Cli", "src\PlaywrightPomGenerator.Cli\PlaywrightPomGenerator.Cli.csproj", "{A534A931-9CAE-49F7-8605-89F97C43A32F}"
EndProject
Project("{FAE04EC0-301F-11D3-BF4B-00C04F79EFBC}") = "PlaywrightPomGenerator.Core", "src\PlaywrightPomGenerator.Core\PlaywrightPomGenerator.Core.csproj", "{A605EEA5-4DAA-4E70-94EB-0AADD7325B12}"
EndProject
Project("{2150E333-8FDC-42A3-9474-1A3956D46DE8}") = "tests", "tests", "{0AB3BF05-4346-4AA6-1389-037BE0695223}"
EndProject
Project("{FAE04EC0-301F-11D3-BF4B-00C04F79EFBC}") = "PlaywrightPomGenerator.Tests", "tests\PlaywrightPomGenerator.Tests\PlaywrightPomGenerator.Tests.csproj", "{72599010-8703-487C-8438-1DC76DA40F12}"
EndProject
Global
	GlobalSection(SolutionConfigurationPlatforms) = preSolution
		Debug|Any CPU = Debug|Any CPU
		Debug|x64 = Debug|x64
		Debug|x86 = Debug|x86
		Release|Any CPU = Release|Any CPU
		Release|x64 = Release|x64
		Release|x86 = Release|x86
	EndGlobalSection
	GlobalSection(ProjectConfigurationPlatforms) = postSolution
		{A534A931-9CAE-49F7-8605-89F97C43A32F}.Debug|Any CPU.ActiveCfg = Debug|Any CPU
		{A534A931-9CAE-49F7-8605-89F97C43A32F}.Debug|Any CPU.Build.0 = Debug|Any CPU
		{A534A931-9CAE-49F7-8605-89F97C43A32F}.Debug|x64.ActiveCfg = Debug|Any CPU
		{A534A931-9CAE-49F7-8605-89F97C43A32F}.Debug|x64.Build.0 = Debug|Any CPU
		{A534A931-9CAE-49F7-8605-89F97C43A32F}.Debug|x86.ActiveCfg = Debug|Any CPU
		{A534A931-9CAE-49F7-8605-89F97C43A32F}.Debug|x86.Build.0 = Debug|Any CPU
		{A534A931-9CAE-49F7-8605-89F97C43A32F}.Release|Any CPU.ActiveCfg = Release|Any CPU
		{A534A931-9CAE-49F7-8605-89F97C43A32F}.Release|Any CPU.Build.0 = Release|Any CPU
		{A534A931-9CAE-49F7-8605-89F97C43A32F}.Release|x64.ActiveCfg = Release|Any CPU
		{A534A931-9CAE-49F7-8605-89F97C43A32F}.Release|x64.Build.0 = Release|Any CPU
		{A534A931-9CAE-49F7-8605-89F97C43A32F}.Release|x86.ActiveCfg = Release|Any CPU
		{A534A931-9CAE-49F7-8605-89F97C43A32F}.Release|x86.Build.0 = Release|Any CPU
		{A605EEA5-4DAA-4E70-94EB-0AADD7325B12}.Debug|Any CPU.ActiveCfg = Debug|Any CPU
		{A605EEA5-4DAA-4E70-94EB-0AADD7325B12}.Debug|Any CPU.Build.0 = Debug|Any CPU
		{A605EEA5-4DAA-4E70-94EB-0AADD7325B12}.Debug|x64.ActiveCfg = Debug|Any CPU
		{A605EEA5-4DAA-4E70-94EB-0AADD7325B12}.Debug|x64.Build.0 = Debug|Any CPU
		{A605EEA5-4DAA-4E70-94EB-0AADD7325B12}.Debug|x86.ActiveCfg = Debug|Any CPU
		{A605EEA5-4DAA-4E70-94EB-0AADD7325B12}.Debug|x86.Build.0 = Debug|Any CPU
		{A605EEA5-4DAA-4E70-94EB-0AADD7325B12}.Release|Any CPU.ActiveCfg = Release|Any CPU
		{A605EEA5-4DAA-4E70-94EB-0AADD7325B12}.Release|Any CPU.Build.0 = Release|Any CPU
		{A605EEA5-4DAA-4E70-94EB-0AADD7325B12}.Release|x64.ActiveCfg = Release|Any CPU
		{A605EEA5-4DAA-4E70-94EB-0AADD7325B12}.Release|x64.Build.0 = Release|Any CPU
		{A605EEA5-4DAA-4E70-94EB-0AADD7325B12}.Release|x86.ActiveCfg = Release|Any CPU
		{A605EEA5-4DAA-4E70-94EB-0AADD7325B12}.Release|x86.Build.0 = Release|Any CPU
		{72599010-8703-487C-8438-1DC76DA40F12}.Debug|Any CPU.ActiveCfg = Debug|Any CPU
		{72599010-8703-487C-8438-1DC76DA40F12}.Debug|Any CPU.Build.0 = Debug|Any CPU
		{72599010-8703-487C-8438-1DC76DA40F12}.Debug|x64.ActiveCfg = Debug|Any CPU
		{72599010-8703-487C-8438-1DC76DA40F12}.Debug|x64.Build.0 = Debug|Any CPU
		{72599010-8703-487C-8438-1DC76DA40F12}.Debug|x86.ActiveCfg = Debug|Any CPU
		{72599010-8703-487C-8438-1DC76DA40F12}.Debug|x86.Build.0 = Debug|Any CPU
		{72599010-8703-487C-8438-1DC76DA40F12}.Release|Any CPU.ActiveCfg = Release|Any CPU
		{72599010-8703-487C-8438-1DC76DA40F12}.Release|Any CPU.Build.0 = Release|Any CPU
		{72599010-8703-487C-8438-1DC76DA40F12}.Release|x64.ActiveCfg = Release|Any CPU
		{72599010-8703-487C-8438-1DC76DA40F12}.Release|x64.Build.0 = Release|Any CPU
		{72599010-8703-487C-8438-1DC76DA40F12}.Release|x86.ActiveCfg = Release|Any CPU
		{72599010-8703-487C-8438-1DC76DA40F12}.Release|x86.Build.0 = Release|Any CPU
	EndGlobalSection
	GlobalSection(SolutionProperties) = preSolution
		HideSolutionNode = FALSE
	EndGlobalSection
	GlobalSection(NestedProjects) = preSolution
		{A534A931-9CAE-49F7-8605-89F97C43A32F} = {827E0CD3-B72D-47B6-A68D-7590B98EB39B}
		{A605EEA5-4DAA-4E70-94EB-0AADD7325B12} = {827E0CD3-B72D-47B6-A68D-7590B98EB39B}
		{72599010-8703-487C-8438-1DC76DA40F12} = {0AB3BF05-4346-4AA6-1389-037BE0695223}
	EndGlobalSection
EndGlobal
